
Microsoft Visual Studio Solution File, Format Version 12.00
# Visual Studio Version 17
VisualStudioVersion = 17.3.32929.385
MinimumVisualStudioVersion = 10.0.40219.1
Project("{FAE04EC0-301F-11D3-BF4B-00C04F79EFBC}") = "Module2_Practice2", "Module2_Practice2\Module2_Practice2.csproj", "{07708C42-3B5E-4A65-B12E-34C3B16F93AF}"
EndProject
Global
	GlobalSection(SolutionConfigurationPlatforms) = preSolution
		Debug|Any CPU = Debug|Any CPU
		Release|Any CPU = Release|Any CPU
	EndGlobalSection
	GlobalSection(ProjectConfigurationPlatforms) = postSolution
		{07708C42-3B5E-4A65-B12E-34C3B16F93AF}.Debug|Any CPU.ActiveCfg = Debug|Any CPU
		{07708C42-3B5E-4A65-B12E-34C3B16F93AF}.Debug|Any CPU.Build.0 = Debug|Any CPU
		{07708C42-3B5E-4A65-B12E-34C3B16F93AF}.Release|Any CPU.ActiveCfg = Release|Any CPU
		{07708C42-3B5E-4A65-B12E-34C3B16F93AF}.Release|Any CPU.Build.0 = Release|Any CPU
	EndGlobalSection
	GlobalSection(SolutionProperties) = preSolution
		HideSolutionNode = FALSE
	EndGlobalSection
	GlobalSection(ExtensibilityGlobals) = postSolution
		SolutionGuid = {B515A05A-CD7F-43BD-8B7F-DBC7C58474F3}
	EndGlobalSection
EndGlobal
